
Microsoft Visual Studio Solution File, Format Version 12.00
# Visual Studio Version 16
VisualStudioVersion = 16.0.30503.244
MinimumVisualStudioVersion = 10.0.40219.1
Project("{9A19103F-16F7-4668-BE54-9A1E7A4F7556}") = "Yalikh.Utils", "Yalikh.Utils\Yalikh.Utils.csproj", "{4BD0FF14-B902-4D69-A766-A5B404B4E14D}"
EndProject
Project("{FAE04EC0-301F-11D3-BF4B-00C04F79EFBC}") = "Yalikh.Utils.Tests", "Yalikh.Utils.Tests\Yalikh.Utils.Tests.csproj", "{C2880E43-B4F1-46AF-A533-F2D567C165F9}"
EndProject
Global
	GlobalSection(SolutionConfigurationPlatforms) = preSolution
		Debug|Any CPU = Debug|Any CPU
		Release|Any CPU = Release|Any CPU
	EndGlobalSection
	GlobalSection(ProjectConfigurationPlatforms) = postSolution
		{4BD0FF14-B902-4D69-A766-A5B404B4E14D}.Debug|Any CPU.ActiveCfg = Debug|Any CPU
		{4BD0FF14-B902-4D69-A766-A5B404B4E14D}.Debug|Any CPU.Build.0 = Debug|Any CPU
		{4BD0FF14-B902-4D69-A766-A5B404B4E14D}.Release|Any CPU.ActiveCfg = Release|Any CPU
		{4BD0FF14-B902-4D69-A766-A5B404B4E14D}.Release|Any CPU.Build.0 = Release|Any CPU
		{C2880E43-B4F1-46AF-A533-F2D567C165F9}.Debug|Any CPU.ActiveCfg = Debug|Any CPU
		{C2880E43-B4F1-46AF-A533-F2D567C165F9}.Debug|Any CPU.Build.0 = Debug|Any CPU
		{C2880E43-B4F1-46AF-A533-F2D567C165F9}.Release|Any CPU.ActiveCfg = Release|Any CPU
		{C2880E43-B4F1-46AF-A533-F2D567C165F9}.Release|Any CPU.Build.0 = Release|Any CPU
	EndGlobalSection
	GlobalSection(SolutionProperties) = preSolution
		HideSolutionNode = FALSE
	EndGlobalSection
	GlobalSection(ExtensibilityGlobals) = postSolution
		SolutionGuid = {48ECEF08-851E-47A2-91D7-5023DC6194E4}
	EndGlobalSection
EndGlobal
